
Microsoft Visual Studio Solution File, Format Version 12.00
# Visual Studio 2013
VisualStudioVersion = 12.0.31101.0
MinimumVisualStudioVersion = 10.0.40219.1
Project("{FAE04EC0-301F-11D3-BF4B-00C04F79EFBC}") = "DrawerMenu", "DrawerMenu\DrawerMenu.csproj", "{250A5AD3-8155-4353-8B2C-B8D99BF05BD3}"
EndProject
Project("{FAE04EC0-301F-11D3-BF4B-00C04F79EFBC}") = "Begin work with", "Begin work with\Begin work with.csproj", "{B88BDF66-AB20-4E8F-958B-DB9871FDAEE2}"
EndProject
Project("{FAE04EC0-301F-11D3-BF4B-00C04F79EFBC}") = "Update", "Update\Update.csproj", "{2C12C41F-3102-42BD-AB02-045F71A28DA9}"
EndProject
Project("{FAE04EC0-301F-11D3-BF4B-00C04F79EFBC}") = "AnimationChooser", "AnimationChooser\AnimationChooser.csproj", "{F4DE7460-D152-4E1F-8D8A-F9CFBF67EBCE}"
EndProject
Global
	GlobalSection(SolutionConfigurationPlatforms) = preSolution
		Debug|Any CPU = Debug|Any CPU
		Release|Any CPU = Release|Any CPU
	EndGlobalSection
	GlobalSection(ProjectConfigurationPlatforms) = postSolution
		{250A5AD3-8155-4353-8B2C-B8D99BF05BD3}.Debug|Any CPU.ActiveCfg = Debug|Any CPU
		{250A5AD3-8155-4353-8B2C-B8D99BF05BD3}.Debug|Any CPU.Build.0 = Debug|Any CPU
		{250A5AD3-8155-4353-8B2C-B8D99BF05BD3}.Release|Any CPU.ActiveCfg = Release|Any CPU
		{250A5AD3-8155-4353-8B2C-B8D99BF05BD3}.Release|Any CPU.Build.0 = Release|Any CPU
		{B88BDF66-AB20-4E8F-958B-DB9871FDAEE2}.Debug|Any CPU.ActiveCfg = Debug|Any CPU
		{B88BDF66-AB20-4E8F-958B-DB9871FDAEE2}.Debug|Any CPU.Build.0 = Debug|Any CPU
		{B88BDF66-AB20-4E8F-958B-DB9871FDAEE2}.Release|Any CPU.ActiveCfg = Release|Any CPU
		{B88BDF66-AB20-4E8F-958B-DB9871FDAEE2}.Release|Any CPU.Build.0 = Release|Any CPU
		{2C12C41F-3102-42BD-AB02-045F71A28DA9}.Debug|Any CPU.ActiveCfg = Debug|Any CPU
		{2C12C41F-3102-42BD-AB02-045F71A28DA9}.Debug|Any CPU.Build.0 = Debug|Any CPU
		{2C12C41F-3102-42BD-AB02-045F71A28DA9}.Release|Any CPU.ActiveCfg = Release|Any CPU
		{2C12C41F-3102-42BD-AB02-045F71A28DA9}.Release|Any CPU.Build.0 = Release|Any CPU
		{F4DE7460-D152-4E1F-8D8A-F9CFBF67EBCE}.Debug|Any CPU.ActiveCfg = Debug|Any CPU
		{F4DE7460-D152-4E1F-8D8A-F9CFBF67EBCE}.Debug|Any CPU.Build.0 = Debug|Any CPU
		{F4DE7460-D152-4E1F-8D8A-F9CFBF67EBCE}.Release|Any CPU.ActiveCfg = Release|Any CPU
		{F4DE7460-D152-4E1F-8D8A-F9CFBF67EBCE}.Release|Any CPU.Build.0 = Release|Any CPU
	EndGlobalSection
	GlobalSection(SolutionProperties) = preSolution
		HideSolutionNode = FALSE
	EndGlobalSection
EndGlobal
